
Microsoft Visual Studio Solution File, Format Version 12.00
Project("{2150E333-8FDC-42A3-9474-1A3956D46DE8}") = "src", "src", "{2A7C9B81-431B-4884-8B05-8694B652FCE3}"
	ProjectSection(SolutionItems) = preProject
		src\Directory.Build.props = src\Directory.Build.props
	EndProjectSection
EndProject
Project("{2150E333-8FDC-42A3-9474-1A3956D46DE8}") = "tests", "tests", "{FE1F5C38-3826-4EE8-B297-CA995B1E9A57}"
EndProject
Project("{FAE04EC0-301F-11D3-BF4B-00C04F79EFBC}") = "MediaManager", "src\MediaManager\MediaManager.csproj", "{4914F4A5-51F6-4C4E-9F7A-CC3F89496058}"
EndProject
Project("{2150E333-8FDC-42A3-9474-1A3956D46DE8}") = "App", "App", "{D7147423-2CD8-4E2A-9BD0-536352723581}"
EndProject
Project("{2150E333-8FDC-42A3-9474-1A3956D46DE8}") = "Domains", "Domains", "{4E5C3737-065E-47A5-AC52-E132C87F34DC}"
EndProject
Project("{2150E333-8FDC-42A3-9474-1A3956D46DE8}") = "Common", "Common", "{87780B4A-4292-47D2-8EE2-CF0D853B0B5C}"
EndProject
Project("{2150E333-8FDC-42A3-9474-1A3956D46DE8}") = "Solution Items", "Solution Items", "{C367098B-078B-40C0-8D95-4F00C4CA3138}"
	ProjectSection(SolutionItems) = preProject
		README.md = README.md
		Directory.Packages.props = Directory.Packages.props
	EndProjectSection
EndProject
Project("{2150E333-8FDC-42A3-9474-1A3956D46DE8}") = "Models", "Models", "{329190F0-E77C-41CE-AEDC-28A49E725692}"
EndProject
Project("{2150E333-8FDC-42A3-9474-1A3956D46DE8}") = "Services", "Services", "{1B0E5BB5-A3BC-4ED4-A5A3-CB50B318B1CC}"
EndProject
Project("{FAE04EC0-301F-11D3-BF4B-00C04F79EFBC}") = "Common", "src\Common\Common.csproj", "{62B2282C-0C0F-491B-BF62-8F16451908F1}"
EndProject
Project("{2150E333-8FDC-42A3-9474-1A3956D46DE8}") = "Scrapers", "Scrapers", "{848483F2-0377-462D-A847-9777B35BE8B3}"
EndProject
Project("{FAE04EC0-301F-11D3-BF4B-00C04F79EFBC}") = "ScrapersBase", "src\Scrapers\ScrapersBase\ScrapersBase.csproj", "{A04D8BA7-AC90-4715-B2A4-39B9769C8456}"
EndProject
Project("{FAE04EC0-301F-11D3-BF4B-00C04F79EFBC}") = "Models", "src\Models\Models\Models.csproj", "{83F8D235-EA14-4036-ADB1-E466D3B612D4}"
EndProject
Project("{FAE04EC0-301F-11D3-BF4B-00C04F79EFBC}") = "NFOScrapers", "src\Scrapers\NFOScrapers\NFOScrapers.csproj", "{9C21CE4A-EC1C-4187-8268-D1DE0D334E90}"
EndProject
Project("{2150E333-8FDC-42A3-9474-1A3956D46DE8}") = "Tools", "Tools", "{C2F67F1D-33AB-4ACD-B8B8-FC42B0D5DFDA}"
EndProject
Project("{FAE04EC0-301F-11D3-BF4B-00C04F79EFBC}") = "Tools", "src\Tools\Tools\Tools.csproj", "{13CF0B3C-0B62-4189-A719-9F48885645A9}"
EndProject
Project("{FAE04EC0-301F-11D3-BF4B-00C04F79EFBC}") = "IOTests", "tests\IOTests\IOTests.csproj", "{AB44921D-0847-40FB-91A0-CA9B21F78F8A}"
EndProject
Project("{FAE04EC0-301F-11D3-BF4B-00C04F79EFBC}") = "TestsCommons", "tests\TestsCommons\TestsCommons.csproj", "{F10C866F-3887-4B86-B982-1B313EFD0D46}"
EndProject
Global
	GlobalSection(SolutionConfigurationPlatforms) = preSolution
		Debug|Any CPU = Debug|Any CPU
		Release|Any CPU = Release|Any CPU
	EndGlobalSection
	GlobalSection(NestedProjects) = preSolution
		{D7147423-2CD8-4E2A-9BD0-536352723581} = {2A7C9B81-431B-4884-8B05-8694B652FCE3}
		{4914F4A5-51F6-4C4E-9F7A-CC3F89496058} = {D7147423-2CD8-4E2A-9BD0-536352723581}
		{4E5C3737-065E-47A5-AC52-E132C87F34DC} = {2A7C9B81-431B-4884-8B05-8694B652FCE3}
		{87780B4A-4292-47D2-8EE2-CF0D853B0B5C} = {2A7C9B81-431B-4884-8B05-8694B652FCE3}
		{329190F0-E77C-41CE-AEDC-28A49E725692} = {2A7C9B81-431B-4884-8B05-8694B652FCE3}
		{1B0E5BB5-A3BC-4ED4-A5A3-CB50B318B1CC} = {2A7C9B81-431B-4884-8B05-8694B652FCE3}
		{62B2282C-0C0F-491B-BF62-8F16451908F1} = {87780B4A-4292-47D2-8EE2-CF0D853B0B5C}
		{848483F2-0377-462D-A847-9777B35BE8B3} = {2A7C9B81-431B-4884-8B05-8694B652FCE3}
		{A04D8BA7-AC90-4715-B2A4-39B9769C8456} = {848483F2-0377-462D-A847-9777B35BE8B3}
		{83F8D235-EA14-4036-ADB1-E466D3B612D4} = {329190F0-E77C-41CE-AEDC-28A49E725692}
		{9C21CE4A-EC1C-4187-8268-D1DE0D334E90} = {848483F2-0377-462D-A847-9777B35BE8B3}
		{C2F67F1D-33AB-4ACD-B8B8-FC42B0D5DFDA} = {2A7C9B81-431B-4884-8B05-8694B652FCE3}
		{13CF0B3C-0B62-4189-A719-9F48885645A9} = {C2F67F1D-33AB-4ACD-B8B8-FC42B0D5DFDA}
		{AB44921D-0847-40FB-91A0-CA9B21F78F8A} = {FE1F5C38-3826-4EE8-B297-CA995B1E9A57}
		{F10C866F-3887-4B86-B982-1B313EFD0D46} = {FE1F5C38-3826-4EE8-B297-CA995B1E9A57}
	EndGlobalSection
	GlobalSection(ProjectConfigurationPlatforms) = postSolution
		{4914F4A5-51F6-4C4E-9F7A-CC3F89496058}.Debug|Any CPU.ActiveCfg = Debug|Any CPU
		{4914F4A5-51F6-4C4E-9F7A-CC3F89496058}.Debug|Any CPU.Build.0 = Debug|Any CPU
		{4914F4A5-51F6-4C4E-9F7A-CC3F89496058}.Release|Any CPU.ActiveCfg = Release|Any CPU
		{4914F4A5-51F6-4C4E-9F7A-CC3F89496058}.Release|Any CPU.Build.0 = Release|Any CPU
		{62B2282C-0C0F-491B-BF62-8F16451908F1}.Debug|Any CPU.ActiveCfg = Debug|Any CPU
		{62B2282C-0C0F-491B-BF62-8F16451908F1}.Debug|Any CPU.Build.0 = Debug|Any CPU
		{62B2282C-0C0F-491B-BF62-8F16451908F1}.Release|Any CPU.ActiveCfg = Release|Any CPU
		{62B2282C-0C0F-491B-BF62-8F16451908F1}.Release|Any CPU.Build.0 = Release|Any CPU
		{A04D8BA7-AC90-4715-B2A4-39B9769C8456}.Debug|Any CPU.ActiveCfg = Debug|Any CPU
		{A04D8BA7-AC90-4715-B2A4-39B9769C8456}.Debug|Any CPU.Build.0 = Debug|Any CPU
		{A04D8BA7-AC90-4715-B2A4-39B9769C8456}.Release|Any CPU.ActiveCfg = Release|Any CPU
		{A04D8BA7-AC90-4715-B2A4-39B9769C8456}.Release|Any CPU.Build.0 = Release|Any CPU
		{83F8D235-EA14-4036-ADB1-E466D3B612D4}.Debug|Any CPU.ActiveCfg = Debug|Any CPU
		{83F8D235-EA14-4036-ADB1-E466D3B612D4}.Debug|Any CPU.Build.0 = Debug|Any CPU
		{83F8D235-EA14-4036-ADB1-E466D3B612D4}.Release|Any CPU.ActiveCfg = Release|Any CPU
		{83F8D235-EA14-4036-ADB1-E466D3B612D4}.Release|Any CPU.Build.0 = Release|Any CPU
		{9C21CE4A-EC1C-4187-8268-D1DE0D334E90}.Debug|Any CPU.ActiveCfg = Debug|Any CPU
		{9C21CE4A-EC1C-4187-8268-D1DE0D334E90}.Debug|Any CPU.Build.0 = Debug|Any CPU
		{9C21CE4A-EC1C-4187-8268-D1DE0D334E90}.Release|Any CPU.ActiveCfg = Release|Any CPU
		{9C21CE4A-EC1C-4187-8268-D1DE0D334E90}.Release|Any CPU.Build.0 = Release|Any CPU
		{13CF0B3C-0B62-4189-A719-9F48885645A9}.Debug|Any CPU.ActiveCfg = Debug|Any CPU
		{13CF0B3C-0B62-4189-A719-9F48885645A9}.Debug|Any CPU.Build.0 = Debug|Any CPU
		{13CF0B3C-0B62-4189-A719-9F48885645A9}.Release|Any CPU.ActiveCfg = Release|Any CPU
		{13CF0B3C-0B62-4189-A719-9F48885645A9}.Release|Any CPU.Build.0 = Release|Any CPU
		{AB44921D-0847-40FB-91A0-CA9B21F78F8A}.Debug|Any CPU.ActiveCfg = Debug|Any CPU
		{AB44921D-0847-40FB-91A0-CA9B21F78F8A}.Debug|Any CPU.Build.0 = Debug|Any CPU
		{AB44921D-0847-40FB-91A0-CA9B21F78F8A}.Release|Any CPU.ActiveCfg = Release|Any CPU
		{AB44921D-0847-40FB-91A0-CA9B21F78F8A}.Release|Any CPU.Build.0 = Release|Any CPU
		{F10C866F-3887-4B86-B982-1B313EFD0D46}.Debug|Any CPU.ActiveCfg = Debug|Any CPU
		{F10C866F-3887-4B86-B982-1B313EFD0D46}.Debug|Any CPU.Build.0 = Debug|Any CPU
		{F10C866F-3887-4B86-B982-1B313EFD0D46}.Release|Any CPU.ActiveCfg = Release|Any CPU
		{F10C866F-3887-4B86-B982-1B313EFD0D46}.Release|Any CPU.Build.0 = Release|Any CPU
	EndGlobalSection
EndGlobal
